
Microsoft Visual Studio Solution File, Format Version 12.00
# Visual Studio Version 16
VisualStudioVersion = 16.0.30523.141
MinimumVisualStudioVersion = 10.0.40219.1
Project("{9A19103F-16F7-4668-BE54-9A1E7A4F7556}") = "dotnet-technical-test", "dotnet-technical-test.csproj", "{0B7F2AD0-7D0C-47D1-BC41-D6F3F4F311D4}"
EndProject
Global
	GlobalSection(SolutionConfigurationPlatforms) = preSolution
		Debug|Any CPU = Debug|Any CPU
		Release|Any CPU = Release|Any CPU
	EndGlobalSection
	GlobalSection(ProjectConfigurationPlatforms) = postSolution
		{0B7F2AD0-7D0C-47D1-BC41-D6F3F4F311D4}.Debug|Any CPU.ActiveCfg = Debug|Any CPU
		{0B7F2AD0-7D0C-47D1-BC41-D6F3F4F311D4}.Debug|Any CPU.Build.0 = Debug|Any CPU
		{0B7F2AD0-7D0C-47D1-BC41-D6F3F4F311D4}.Release|Any CPU.ActiveCfg = Release|Any CPU
		{0B7F2AD0-7D0C-47D1-BC41-D6F3F4F311D4}.Release|Any CPU.Build.0 = Release|Any CPU
	EndGlobalSection
	GlobalSection(SolutionProperties) = preSolution
		HideSolutionNode = FALSE
	EndGlobalSection
	GlobalSection(ExtensibilityGlobals) = postSolution
		SolutionGuid = {E886A516-C9B6-47E5-9B3F-3C9B0A10151E}
	EndGlobalSection
EndGlobal
